
Microsoft Visual Studio Solution File, Format Version 12.00
# Visual Studio Version 17
VisualStudioVersion = 17.1.32210.238
MinimumVisualStudioVersion = 10.0.40219.1
Project("{FAE04EC0-301F-11D3-BF4B-00C04F79EFBC}") = "4kyu", "4kyu\4kyu.csproj", "{594B07DF-8210-43E8-92BD-8F116C98F3ED}"
EndProject
Global
	GlobalSection(SolutionConfigurationPlatforms) = preSolution
		Debug|Any CPU = Debug|Any CPU
		Release|Any CPU = Release|Any CPU
	EndGlobalSection
	GlobalSection(ProjectConfigurationPlatforms) = postSolution
		{594B07DF-8210-43E8-92BD-8F116C98F3ED}.Debug|Any CPU.ActiveCfg = Debug|Any CPU
		{594B07DF-8210-43E8-92BD-8F116C98F3ED}.Debug|Any CPU.Build.0 = Debug|Any CPU
		{594B07DF-8210-43E8-92BD-8F116C98F3ED}.Release|Any CPU.ActiveCfg = Release|Any CPU
		{594B07DF-8210-43E8-92BD-8F116C98F3ED}.Release|Any CPU.Build.0 = Release|Any CPU
	EndGlobalSection
	GlobalSection(SolutionProperties) = preSolution
		HideSolutionNode = FALSE
	EndGlobalSection
	GlobalSection(ExtensibilityGlobals) = postSolution
		SolutionGuid = {612AD1CF-0BF3-47C8-899E-A9A0FDF72970}
	EndGlobalSection
EndGlobal
